
Microsoft Visual Studio Solution File, Format Version 12.00
# Visual Studio 15
VisualStudioVersion = 15.0.27703.2000
MinimumVisualStudioVersion = 10.0.40219.1
Project("{FAE04EC0-301F-11D3-BF4B-00C04F79EFBC}") = "MFactor", "MFactor\MFactor.csproj", "{8B6C6D28-4AFE-409E-810E-883ADAFB971C}"
EndProject
Global
	GlobalSection(SolutionConfigurationPlatforms) = preSolution
		Debug|Any CPU = Debug|Any CPU
		Release|Any CPU = Release|Any CPU
	EndGlobalSection
	GlobalSection(ProjectConfigurationPlatforms) = postSolution
		{8B6C6D28-4AFE-409E-810E-883ADAFB971C}.Debug|Any CPU.ActiveCfg = Debug|Any CPU
		{8B6C6D28-4AFE-409E-810E-883ADAFB971C}.Debug|Any CPU.Build.0 = Debug|Any CPU
		{8B6C6D28-4AFE-409E-810E-883ADAFB971C}.Release|Any CPU.ActiveCfg = Release|Any CPU
		{8B6C6D28-4AFE-409E-810E-883ADAFB971C}.Release|Any CPU.Build.0 = Release|Any CPU
	EndGlobalSection
	GlobalSection(SolutionProperties) = preSolution
		HideSolutionNode = FALSE
	EndGlobalSection
	GlobalSection(ExtensibilityGlobals) = postSolution
		SolutionGuid = {1016446D-3797-483C-95B0-34F7DD3F2ED9}
	EndGlobalSection
EndGlobal
